
Microsoft Visual Studio Solution File, Format Version 12.00
# Visual Studio Version 17
VisualStudioVersion = 17.5.002.0
MinimumVisualStudioVersion = 10.0.40219.1
Project("{9A19103F-16F7-4668-BE54-9A1E7A4F7556}") = "Seminar_1", "Seminar_1\Seminar_1.csproj", "{FF5BEB05-455F-4336-8A67-1D107F919AEA}"
EndProject
Project("{9A19103F-16F7-4668-BE54-9A1E7A4F7556}") = "Seminar_2.1", "Seminar_2.1\Seminar_2.1.csproj", "{EC7DC567-5F79-4D6C-A472-792B3FF35A91}"
EndProject
Global
	GlobalSection(SolutionConfigurationPlatforms) = preSolution
		Debug|Any CPU = Debug|Any CPU
		Release|Any CPU = Release|Any CPU
	EndGlobalSection
	GlobalSection(ProjectConfigurationPlatforms) = postSolution
		{FF5BEB05-455F-4336-8A67-1D107F919AEA}.Debug|Any CPU.ActiveCfg = Debug|Any CPU
		{FF5BEB05-455F-4336-8A67-1D107F919AEA}.Debug|Any CPU.Build.0 = Debug|Any CPU
		{FF5BEB05-455F-4336-8A67-1D107F919AEA}.Release|Any CPU.ActiveCfg = Release|Any CPU
		{FF5BEB05-455F-4336-8A67-1D107F919AEA}.Release|Any CPU.Build.0 = Release|Any CPU
		{EC7DC567-5F79-4D6C-A472-792B3FF35A91}.Debug|Any CPU.ActiveCfg = Debug|Any CPU
		{EC7DC567-5F79-4D6C-A472-792B3FF35A91}.Debug|Any CPU.Build.0 = Debug|Any CPU
		{EC7DC567-5F79-4D6C-A472-792B3FF35A91}.Release|Any CPU.ActiveCfg = Release|Any CPU
		{EC7DC567-5F79-4D6C-A472-792B3FF35A91}.Release|Any CPU.Build.0 = Release|Any CPU
	EndGlobalSection
	GlobalSection(SolutionProperties) = preSolution
		HideSolutionNode = FALSE
	EndGlobalSection
	GlobalSection(ExtensibilityGlobals) = postSolution
		SolutionGuid = {25463A35-9959-4575-86D8-1A84FC1E51AF}
	EndGlobalSection
EndGlobal
